# This file is automatically @generated by Cargo.
# It is not intended for manual editing.
version = 3

[[package]]
name = "nv-call"
version = "0.1.0"
dependencies = [
 "nv-win",
]

[[package]]
name = "nv-call-engine"
version = "0.1.0"
dependencies = [
 "nv-oracle-core",
 "nv-win",
]

[[package]]
name = "nv-inject"
version = "0.1.0"
dependencies = [
 "nv-win",
]

[[package]]
name = "nv-oracle-core"
version = "0.1.0"

[[package]]
name = "nv-probe"
version = "0.1.0"
dependencies = [
 "nv-oracle-core",
 "nv-win",
]

[[package]]
name = "nv-win"
version = "0.1.0"
