# This file is automatically @generated by Cargo.
# It is not intended for manual editing.
version = 3

[[package]]
name = "assets"
version = "0.1.0"
dependencies = [
 "bsa",
 "testdata",
]

[[package]]
name = "bink"
version = "0.1.0"

[[package]]
name = "bsa"
version = "0.1.0"
dependencies = [
 "esm",
]

[[package]]
name = "cellview"
version = "0.1.0"
dependencies = [
 "assets",
 "dds",
 "esm",
 "mp3",
 "nif",
 "physics",
 "preview",
 "speedtree",
 "testdata",
 "world",
]

[[package]]
name = "dds"
version = "0.1.0"
dependencies = [
 "esm",
]

[[package]]
name = "engine"
version = "0.1.0"
dependencies = [
 "world",
]

[[package]]
name = "esm"
version = "0.1.0"
dependencies = [
 "testdata",
]

[[package]]
name = "fos"
version = "0.1.0"

[[package]]
name = "mp3"
version = "0.1.0"

[[package]]
name = "nif"
version = "0.1.0"
dependencies = [
 "testdata",
]

[[package]]
name = "nvinspect"
version = "0.1.0"
dependencies = [
 "assets",
 "bink",
 "bsa",
 "cellview",
 "dds",
 "esm",
 "fos",
 "mp3",
 "nif",
 "physics",
 "preview",
 "script",
 "shaders",
 "speedtree",
 "testdata",
 "ui",
 "world",
]

[[package]]
name = "physics"
version = "0.1.0"

[[package]]
name = "preview"
version = "0.1.0"
dependencies = [
 "assets",
 "dds",
 "esm",
 "nif",
 "physics",
 "testdata",
 "world",
]

[[package]]
name = "script"
version = "0.1.0"

[[package]]
name = "scriptgen"
version = "0.1.0"
dependencies = [
 "esm",
 "script",
]

[[package]]
name = "shaders"
version = "0.1.0"

[[package]]
name = "speedtree"
version = "0.1.0"
dependencies = [
 "testdata",
]

[[package]]
name = "testdata"
version = "0.1.0"

[[package]]
name = "ui"
version = "0.1.0"
dependencies = [
 "esm",
 "script",
 "testdata",
 "world",
]

[[package]]
name = "world"
version = "0.1.0"
dependencies = [
 "esm",
 "fos",
 "nif",
 "script",
 "testdata",
]
